# This file is automatically @generated by Cargo.
# It is not intended for manual editing.
version = 4

[[package]]
name = "slimblade-bk3635"
version = "0.1.0"
dependencies = [
 "slimblade-usb",
]

[[package]]
name = "slimblade-protocol"
version = "0.1.0"

[[package]]
name = "slimblade-usb"
version = "0.1.0"
dependencies = [
 "slimblade-protocol",
]

[[package]]
name = "slimblade-usb-recovery-probe"
version = "0.1.0"
dependencies = [
 "slimblade-bk3635",
]
